{
  "name": "music-generator",
  "version": "1.0.0",
  "lockfileVersion": 2,
  "requires": true,
  "packages": {
    "": {
      "name": "music-generator",
      "version": "1.0.0",
      "license": "MIT",
      "dependencies": {
        "assert-plus": "^1.0.0",
        "midi-writer-js": "^2.0.1",
        "posix-getopt": "^1.2.0"
      }
    },
    "node_modules/assert-plus": {
      "version": "1.0.0",
      "resolved": "https://registry.npmjs.org/assert-plus/-/assert-plus-1.0.0.tgz",
      "integrity": "sha1-8S4PPF13sLHN2RRpQuTpbB5N1SU=",
      "engines": {
        "node": ">=0.8"
      }
    },
    "node_modules/midi-writer-js": {
      "version": "2.0.1",
      "resolved": "https://registry.npmjs.org/midi-writer-js/-/midi-writer-js-2.0.1.tgz",
      "integrity": "sha512-wVoE/o5Lyw2VQaUdnJQtqVhpEy9DlhlYQ/OkSCtJEhwodKXIXk/wfYQmjrVkW3abdZJqafnvPfSM50SvmSbltw==",
      "hasInstallScript": true,
      "dependencies": {
        "tonal-midi": "^0.69.7"
      }
    },
    "node_modules/note-parser": {
      "version": "2.0.1",
      "resolved": "https://registry.npmjs.org/note-parser/-/note-parser-2.0.1.tgz",
      "integrity": "sha1-JDj9V6RolLQCs6IHF5hmASnI+8E="
    },
    "node_modules/posix-getopt": {
      "version": "1.2.0",
      "resolved": "https://registry.npmjs.org/posix-getopt/-/posix-getopt-1.2.0.tgz",
      "integrity": "sha1-Su7rfa3mb8qKk2XdqfawBXQctiE=",
      "engines": {
        "node": "*"
      }
    },
    "node_modules/tonal-midi": {
      "version": "0.69.7",
      "resolved": "https://registry.npmjs.org/tonal-midi/-/tonal-midi-0.69.7.tgz",
      "integrity": "sha1-51Tsk/Pb2yim051CRXwzrSRf+kc=",
      "dependencies": {
        "note-parser": "^2.0.1"
      }
    }
  },
  "dependencies": {
    "assert-plus": {
      "version": "1.0.0",
      "resolved": "https://registry.npmjs.org/assert-plus/-/assert-plus-1.0.0.tgz",
      "integrity": "sha1-8S4PPF13sLHN2RRpQuTpbB5N1SU="
    },
    "midi-writer-js": {
      "version": "2.0.1",
      "resolved": "https://registry.npmjs.org/midi-writer-js/-/midi-writer-js-2.0.1.tgz",
      "integrity": "sha512-wVoE/o5Lyw2VQaUdnJQtqVhpEy9DlhlYQ/OkSCtJEhwodKXIXk/wfYQmjrVkW3abdZJqafnvPfSM50SvmSbltw==",
      "requires": {
        "tonal-midi": "^0.69.7"
      }
    },
    "note-parser": {
      "version": "2.0.1",
      "resolved": "https://registry.npmjs.org/note-parser/-/note-parser-2.0.1.tgz",
      "integrity": "sha1-JDj9V6RolLQCs6IHF5hmASnI+8E="
    },
    "posix-getopt": {
      "version": "1.2.0",
      "resolved": "https://registry.npmjs.org/posix-getopt/-/posix-getopt-1.2.0.tgz",
      "integrity": "sha1-Su7rfa3mb8qKk2XdqfawBXQctiE="
    },
    "tonal-midi": {
      "version": "0.69.7",
      "resolved": "https://registry.npmjs.org/tonal-midi/-/tonal-midi-0.69.7.tgz",
      "integrity": "sha1-51Tsk/Pb2yim051CRXwzrSRf+kc=",
      "requires": {
        "note-parser": "^2.0.1"
      }
    }
  }
}
